
Microsoft Visual Studio Solution File, Format Version 12.00
# Visual Studio Version 16
VisualStudioVersion = 16.0.28803.156
MinimumVisualStudioVersion = 10.0.40219.1
Project("{00D1A9C2-B5F0-4AF3-8072-F6C62B433612}") = "CovidAnalysisDatabase", "CovidAnalysis\CovidAnalysisDatabase.sqlproj", "{F8AF5D54-200E-4A81-AF96-00FBD41431C6}"
EndProject
Project("{888888A0-9F3D-457C-B088-3A5042F75D52}") = "CovidAnalysisPython", "CovidAnalysisPython\CovidAnalysisPython.pyproj", "{07E86B1B-7428-47E8-9278-7AEB028E46F9}"
EndProject
Project("{2150E333-8FDC-42A3-9474-1A3956D46DE8}") = "Solution Items", "Solution Items", "{CDE3BEA9-329D-4876-A578-81BE22AC9410}"
	ProjectSection(SolutionItems) = preProject
		README.md = README.md
	EndProjectSection
EndProject
Global
	GlobalSection(SolutionConfigurationPlatforms) = preSolution
		Debug|Any CPU = Debug|Any CPU
		Release|Any CPU = Release|Any CPU
	EndGlobalSection
	GlobalSection(ProjectConfigurationPlatforms) = postSolution
		{F8AF5D54-200E-4A81-AF96-00FBD41431C6}.Debug|Any CPU.ActiveCfg = Debug|Any CPU
		{F8AF5D54-200E-4A81-AF96-00FBD41431C6}.Debug|Any CPU.Build.0 = Debug|Any CPU
		{F8AF5D54-200E-4A81-AF96-00FBD41431C6}.Debug|Any CPU.Deploy.0 = Debug|Any CPU
		{F8AF5D54-200E-4A81-AF96-00FBD41431C6}.Release|Any CPU.ActiveCfg = Release|Any CPU
		{F8AF5D54-200E-4A81-AF96-00FBD41431C6}.Release|Any CPU.Build.0 = Release|Any CPU
		{F8AF5D54-200E-4A81-AF96-00FBD41431C6}.Release|Any CPU.Deploy.0 = Release|Any CPU
		{07E86B1B-7428-47E8-9278-7AEB028E46F9}.Debug|Any CPU.ActiveCfg = Debug|Any CPU
		{07E86B1B-7428-47E8-9278-7AEB028E46F9}.Release|Any CPU.ActiveCfg = Release|Any CPU
	EndGlobalSection
	GlobalSection(SolutionProperties) = preSolution
		HideSolutionNode = FALSE
	EndGlobalSection
	GlobalSection(ExtensibilityGlobals) = postSolution
		SolutionGuid = {95B51240-5782-4D34-8996-F40E2425EBB3}
	EndGlobalSection
EndGlobal
